
Microsoft Visual Studio Solution File, Format Version 12.00
# Visual Studio Version 17
VisualStudioVersion = 17.4.33110.190
MinimumVisualStudioVersion = 10.0.40219.1
Project("{54A90642-561A-4BB1-A94E-469ADEE60C69}") = "hw-eight", "hw-eight\hw-eight.esproj", "{B54B9C71-E471-4FA3-8A3A-0865A5F2651C}"
EndProject
Global
	GlobalSection(SolutionConfigurationPlatforms) = preSolution
		Debug|Any CPU = Debug|Any CPU
		Release|Any CPU = Release|Any CPU
	EndGlobalSection
	GlobalSection(ProjectConfigurationPlatforms) = postSolution
		{B54B9C71-E471-4FA3-8A3A-0865A5F2651C}.Debug|Any CPU.ActiveCfg = Debug|Any CPU
		{B54B9C71-E471-4FA3-8A3A-0865A5F2651C}.Debug|Any CPU.Build.0 = Debug|Any CPU
		{B54B9C71-E471-4FA3-8A3A-0865A5F2651C}.Debug|Any CPU.Deploy.0 = Debug|Any CPU
		{B54B9C71-E471-4FA3-8A3A-0865A5F2651C}.Release|Any CPU.ActiveCfg = Release|Any CPU
		{B54B9C71-E471-4FA3-8A3A-0865A5F2651C}.Release|Any CPU.Build.0 = Release|Any CPU
		{B54B9C71-E471-4FA3-8A3A-0865A5F2651C}.Release|Any CPU.Deploy.0 = Release|Any CPU
	EndGlobalSection
	GlobalSection(SolutionProperties) = preSolution
		HideSolutionNode = FALSE
	EndGlobalSection
	GlobalSection(ExtensibilityGlobals) = postSolution
		SolutionGuid = {3A05A4C7-E9F3-4D35-A7D7-BC706E37DDD8}
	EndGlobalSection
EndGlobal
