
Microsoft Visual Studio Solution File, Format Version 12.00
# Visual Studio Version 17
VisualStudioVersion = 17.4.33110.190
MinimumVisualStudioVersion = 10.0.40219.1
Project("{54A90642-561A-4BB1-A94E-469ADEE60C69}") = "hw-first", "hw-first\hw-first.esproj", "{834F7931-4F8B-4A0B-8BBD-3ED8AF4F5738}"
EndProject
Global
	GlobalSection(SolutionConfigurationPlatforms) = preSolution
		Debug|Any CPU = Debug|Any CPU
		Release|Any CPU = Release|Any CPU
	EndGlobalSection
	GlobalSection(ProjectConfigurationPlatforms) = postSolution
		{834F7931-4F8B-4A0B-8BBD-3ED8AF4F5738}.Debug|Any CPU.ActiveCfg = Debug|Any CPU
		{834F7931-4F8B-4A0B-8BBD-3ED8AF4F5738}.Debug|Any CPU.Build.0 = Debug|Any CPU
		{834F7931-4F8B-4A0B-8BBD-3ED8AF4F5738}.Debug|Any CPU.Deploy.0 = Debug|Any CPU
		{834F7931-4F8B-4A0B-8BBD-3ED8AF4F5738}.Release|Any CPU.ActiveCfg = Release|Any CPU
		{834F7931-4F8B-4A0B-8BBD-3ED8AF4F5738}.Release|Any CPU.Build.0 = Release|Any CPU
		{834F7931-4F8B-4A0B-8BBD-3ED8AF4F5738}.Release|Any CPU.Deploy.0 = Release|Any CPU
	EndGlobalSection
	GlobalSection(SolutionProperties) = preSolution
		HideSolutionNode = FALSE
	EndGlobalSection
	GlobalSection(ExtensibilityGlobals) = postSolution
		SolutionGuid = {56EA5FC1-9DAD-4C88-82AE-1DEE04C0FE0F}
	EndGlobalSection
EndGlobal
